// !$*UTF8*$!
{
	archiveVersion = 1;
	classes = {
	};
	objectVersion = 46;
	objects = {

/* Begin PBXBuildFile section */
		FA6603A917689B8E0095DEDF /* OpenGLES.framework in Frameworks */ = {isa = PBXBuildFile; fileRef = FA6603A817689B8E0095DEDF /* OpenGLES.framework */; };
		FA6603AB17689B990095DEDF /* AssetsLibrary.framework in Frameworks */ = {isa = PBXBuildFile; fileRef = FA6603AA17689B990095DEDF /* AssetsLibrary.framework */; };
		FA6603B017689F4A0095DEDF /* QuartzCore.framework in Frameworks */ = {isa = PBXBuildFile; fileRef = FA6603AF17689F4A0095DEDF /* QuartzCore.framework */; };
		FA6603B81768CA640095DEDF /* CoreImage.framework in Frameworks */ = {isa = PBXBuildFile; fileRef = FA6603B71768CA630095DEDF /* CoreImage.framework */; };
		FA6603BA1768EA440095DEDF /* MobileCoreServices.framework in Frameworks */ = {isa = PBXBuildFile; fileRef = FA6603B91768EA440095DEDF /* MobileCoreServices.framework */; };
		FA6603BD1768ED0A0095DEDF /* RecordViewController.m in Sources */ = {isa = PBXBuildFile; fileRef = FA6603BC1768ED0A0095DEDF /* RecordViewController.m */; };
		FA6603BF1768EF680095DEDF /* RecordViewController.xib in Resources */ = {isa = PBXBuildFile; fileRef = FA6603BE1768EF680095DEDF /* RecordViewController.xib */; };
		FA9B7870176862920028A5DA /* UIKit.framework in Frameworks */ = {isa = PBXBuildFile; fileRef = FA9B786F176862920028A5DA /* UIKit.framework */; };
		FA9B7872176862920028A5DA /* Foundation.framework in Frameworks */ = {isa = PBXBuildFile; fileRef = FA9B7871176862920028A5DA /* Foundation.framework */; };
		FA9B7874176862920028A5DA /* CoreGraphics.framework in Frameworks */ = {isa = PBXBuildFile; fileRef = FA9B7873176862920028A5DA /* CoreGraphics.framework */; };
		FA9B787A176862920028A5DA /* InfoPlist.strings in Resources */ = {isa = PBXBuildFile; fileRef = FA9B7878176862920028A5DA /* InfoPlist.strings */; };
		FA9B787C176862920028A5DA /* main.m in Sources */ = {isa = PBXBuildFile; fileRef = FA9B787B176862920028A5DA /* main.m */; };
		FA9B7880176862920028A5DA /* AppDelegate.m in Sources */ = {isa = PBXBuildFile; fileRef = FA9B787F176862920028A5DA /* AppDelegate.m */; };
		FA9B7882176862920028A5DA /* Default.png in Resources */ = {isa = PBXBuildFile; fileRef = FA9B7881176862920028A5DA /* Default.png */; };
		FA9B7884176862920028A5DA /* Default@2x.png in Resources */ = {isa = PBXBuildFile; fileRef = FA9B7883176862920028A5DA /* Default@2x.png */; };
		FA9B7886176862920028A5DA /* Default-568h@2x.png in Resources */ = {isa = PBXBuildFile; fileRef = FA9B7885176862920028A5DA /* Default-568h@2x.png */; };
		FA9B7889176862920028A5DA /* VideoViewController.m in Sources */ = {isa = PBXBuildFile; fileRef = FA9B7888176862920028A5DA /* VideoViewController.m */; };
		FA9B788C176862920028A5DA /* VideoViewController.xib in Resources */ = {isa = PBXBuildFile; fileRef = FA9B788A176862920028A5DA /* VideoViewController.xib */; };
		FA9B78951768675A0028A5DA /* AVFoundation.framework in Frameworks */ = {isa = PBXBuildFile; fileRef = FA9B78941768675A0028A5DA /* AVFoundation.framework */; };
		FA9B7897176870210028A5DA /* CoreMedia.framework in Frameworks */ = {isa = PBXBuildFile; fileRef = FA9B7896176870210028A5DA /* CoreMedia.framework */; };
		FA9B7899176870290028A5DA /* CoreVideo.framework in Frameworks */ = {isa = PBXBuildFile; fileRef = FA9B7898176870290028A5DA /* CoreVideo.framework */; };
		FAE5930E1769AA4D004BD694 /* Video4.mp4 in Resources */ = {isa = PBXBuildFile; fileRef = FAE5930A1769AA4D004BD694 /* Video4.mp4 */; };
		FAE5930F1769AA4D004BD694 /* Video3.mp4 in Resources */ = {isa = PBXBuildFile; fileRef = FAE5930B1769AA4D004BD694 /* Video3.mp4 */; };
		FAE593101769AA4D004BD694 /* Video2.mp4 in Resources */ = {isa = PBXBuildFile; fileRef = FAE5930C1769AA4D004BD694 /* Video2.mp4 */; };
		FAE593111769AA4D004BD694 /* Video1.mp4 in Resources */ = {isa = PBXBuildFile; fileRef = FAE5930D1769AA4D004BD694 /* Video1.mp4 */; };
		FAE593131769FBE8004BD694 /* TemplateMask.png in Resources */ = {isa = PBXBuildFile; fileRef = FAE593121769FBE8004BD694 /* TemplateMask.png */; };
		FAE59317176A2674004BD694 /* MBProgressHUD.m in Sources */ = {isa = PBXBuildFile; fileRef = FAE59316176A2674004BD694 /* MBProgressHUD.m */; };
/* End PBXBuildFile section */

/* Begin PBXFileReference section */
		FA6603A817689B8E0095DEDF /* OpenGLES.framework */ = {isa = PBXFileReference; lastKnownFileType = wrapper.framework; name = OpenGLES.framework; path = System/Library/Frameworks/OpenGLES.framework; sourceTree = SDKROOT; };
		FA6603AA17689B990095DEDF /* AssetsLibrary.framework */ = {isa = PBXFileReference; lastKnownFileType = wrapper.framework; name = AssetsLibrary.framework; path = System/Library/Frameworks/AssetsLibrary.framework; sourceTree = SDKROOT; };
		FA6603AF17689F4A0095DEDF /* QuartzCore.framework */ = {isa = PBXFileReference; lastKnownFileType = wrapper.framework; name = QuartzCore.framework; path = System/Library/Frameworks/QuartzCore.framework; sourceTree = SDKROOT; };
		FA6603B71768CA630095DEDF /* CoreImage.framework */ = {isa = PBXFileReference; lastKnownFileType = wrapper.framework; name = CoreImage.framework; path = System/Library/Frameworks/CoreImage.framework; sourceTree = SDKROOT; };
		FA6603B91768EA440095DEDF /* MobileCoreServices.framework */ = {isa = PBXFileReference; lastKnownFileType = wrapper.framework; name = MobileCoreServices.framework; path = System/Library/Frameworks/MobileCoreServices.framework; sourceTree = SDKROOT; };
		FA6603BB1768ED0A0095DEDF /* RecordViewController.h */ = {isa = PBXFileReference; fileEncoding = 4; lastKnownFileType = sourcecode.c.h; path = RecordViewController.h; sourceTree = "<group>"; };
		FA6603BC1768ED0A0095DEDF /* RecordViewController.m */ = {isa = PBXFileReference; fileEncoding = 4; lastKnownFileType = sourcecode.c.objc; path = RecordViewController.m; sourceTree = "<group>"; };
		FA6603BE1768EF680095DEDF /* RecordViewController.xib */ = {isa = PBXFileReference; fileEncoding = 4; lastKnownFileType = file.xib; path = RecordViewController.xib; sourceTree = "<group>"; };
		FA9B786C176862920028A5DA /* VideoCollage.app */ = {isa = PBXFileReference; explicitFileType = wrapper.application; includeInIndex = 0; path = VideoCollage.app; sourceTree = BUILT_PRODUCTS_DIR; };
		FA9B786F176862920028A5DA /* UIKit.framework */ = {isa = PBXFileReference; lastKnownFileType = wrapper.framework; name = UIKit.framework; path = System/Library/Frameworks/UIKit.framework; sourceTree = SDKROOT; };
		FA9B7871176862920028A5DA /* Foundation.framework */ = {isa = PBXFileReference; lastKnownFileType = wrapper.framework; name = Foundation.framework; path = System/Library/Frameworks/Foundation.framework; sourceTree = SDKROOT; };
		FA9B7873176862920028A5DA /* CoreGraphics.framework */ = {isa = PBXFileReference; lastKnownFileType = wrapper.framework; name = CoreGraphics.framework; path = System/Library/Frameworks/CoreGraphics.framework; sourceTree = SDKROOT; };
		FA9B7877176862920028A5DA /* VideoCollage-Info.plist */ = {isa = PBXFileReference; lastKnownFileType = text.plist.xml; path = "VideoCollage-Info.plist"; sourceTree = "<group>"; };
		FA9B7879176862920028A5DA /* en */ = {isa = PBXFileReference; lastKnownFileType = text.plist.strings; name = en; path = en.lproj/InfoPlist.strings; sourceTree = "<group>"; };
		FA9B787B176862920028A5DA /* main.m */ = {isa = PBXFileReference; lastKnownFileType = sourcecode.c.objc; path = main.m; sourceTree = "<group>"; };
		FA9B787D176862920028A5DA /* VideoCollage-Prefix.pch */ = {isa = PBXFileReference; lastKnownFileType = sourcecode.c.h; path = "VideoCollage-Prefix.pch"; sourceTree = "<group>"; };
		FA9B787E176862920028A5DA /* AppDelegate.h */ = {isa = PBXFileReference; lastKnownFileType = sourcecode.c.h; path = AppDelegate.h; sourceTree = "<group>"; };
		FA9B787F176862920028A5DA /* AppDelegate.m */ = {isa = PBXFileReference; lastKnownFileType = sourcecode.c.objc; path = AppDelegate.m; sourceTree = "<group>"; };
		FA9B7881176862920028A5DA /* Default.png */ = {isa = PBXFileReference; lastKnownFileType = image.png; path = Default.png; sourceTree = "<group>"; };
		FA9B7883176862920028A5DA /* Default@2x.png */ = {isa = PBXFileReference; lastKnownFileType = image.png; path = "Default@2x.png"; sourceTree = "<group>"; };
		FA9B7885176862920028A5DA /* Default-568h@2x.png */ = {isa = PBXFileReference; lastKnownFileType = image.png; path = "Default-568h@2x.png"; sourceTree = "<group>"; };
		FA9B7887176862920028A5DA /* VideoViewController.h */ = {isa = PBXFileReference; lastKnownFileType = sourcecode.c.h; path = VideoViewController.h; sourceTree = "<group>"; };
		FA9B7888176862920028A5DA /* VideoViewController.m */ = {isa = PBXFileReference; lastKnownFileType = sourcecode.c.objc; path = VideoViewController.m; sourceTree = "<group>"; };
		FA9B788B176862920028A5DA /* en */ = {isa = PBXFileReference; lastKnownFileType = file.xib; name = en; path = en.lproj/VideoViewController.xib; sourceTree = "<group>"; };
		FA9B78941768675A0028A5DA /* AVFoundation.framework */ = {isa = PBXFileReference; lastKnownFileType = wrapper.framework; name = AVFoundation.framework; path = System/Library/Frameworks/AVFoundation.framework; sourceTree = SDKROOT; };
		FA9B7896176870210028A5DA /* CoreMedia.framework */ = {isa = PBXFileReference; lastKnownFileType = wrapper.framework; name = CoreMedia.framework; path = System/Library/Frameworks/CoreMedia.framework; sourceTree = SDKROOT; };
		FA9B7898176870290028A5DA /* CoreVideo.framework */ = {isa = PBXFileReference; lastKnownFileType = wrapper.framework; name = CoreVideo.framework; path = System/Library/Frameworks/CoreVideo.framework; sourceTree = SDKROOT; };
		FAE5930A1769AA4D004BD694 /* Video4.mp4 */ = {isa = PBXFileReference; lastKnownFileType = file; path = Video4.mp4; sourceTree = "<group>"; };
		FAE5930B1769AA4D004BD694 /* Video3.mp4 */ = {isa = PBXFileReference; lastKnownFileType = file; path = Video3.mp4; sourceTree = "<group>"; };
		FAE5930C1769AA4D004BD694 /* Video2.mp4 */ = {isa = PBXFileReference; lastKnownFileType = file; path = Video2.mp4; sourceTree = "<group>"; };
		FAE5930D1769AA4D004BD694 /* Video1.mp4 */ = {isa = PBXFileReference; lastKnownFileType = file; path = Video1.mp4; sourceTree = "<group>"; };
		FAE593121769FBE8004BD694 /* TemplateMask.png */ = {isa = PBXFileReference; lastKnownFileType = image.png; path = TemplateMask.png; sourceTree = "<group>"; };
		FAE59315176A2674004BD694 /* MBProgressHUD.h */ = {isa = PBXFileReference; fileEncoding = 4; lastKnownFileType = sourcecode.c.h; path = MBProgressHUD.h; sourceTree = "<group>"; };
		FAE59316176A2674004BD694 /* MBProgressHUD.m */ = {isa = PBXFileReference; fileEncoding = 4; lastKnownFileType = sourcecode.c.objc; path = MBProgressHUD.m; sourceTree = "<group>"; };
/* End PBXFileReference section */

/* Begin PBXFrameworksBuildPhase section */
		FA9B7869176862920028A5DA /* Frameworks */ = {
			isa = PBXFrameworksBuildPhase;
			buildActionMask = 2147483647;
			files = (
				FA6603BA1768EA440095DEDF /* MobileCoreServices.framework in Frameworks */,
				FA6603B81768CA640095DEDF /* CoreImage.framework in Frameworks */,
				FA6603B017689F4A0095DEDF /* QuartzCore.framework in Frameworks */,
				FA6603AB17689B990095DEDF /* AssetsLibrary.framework in Frameworks */,
				FA6603A917689B8E0095DEDF /* OpenGLES.framework in Frameworks */,
				FA9B7899176870290028A5DA /* CoreVideo.framework in Frameworks */,
				FA9B7897176870210028A5DA /* CoreMedia.framework in Frameworks */,
				FA9B78951768675A0028A5DA /* AVFoundation.framework in Frameworks */,
				FA9B7870176862920028A5DA /* UIKit.framework in Frameworks */,
				FA9B7872176862920028A5DA /* Foundation.framework in Frameworks */,
				FA9B7874176862920028A5DA /* CoreGraphics.framework in Frameworks */,
			);
			runOnlyForDeploymentPostprocessing = 0;
		};
/* End PBXFrameworksBuildPhase section */

/* Begin PBXGroup section */
		FA9B7863176862920028A5DA = {
			isa = PBXGroup;
			children = (
				FA9B7875176862920028A5DA /* VideoCollage */,
				FA9B786E176862920028A5DA /* Frameworks */,
				FA9B786D176862920028A5DA /* Products */,
			);
			sourceTree = "<group>";
		};
		FA9B786D176862920028A5DA /* Products */ = {
			isa = PBXGroup;
			children = (
				FA9B786C176862920028A5DA /* VideoCollage.app */,
			);
			name = Products;
			sourceTree = "<group>";
		};
		FA9B786E176862920028A5DA /* Frameworks */ = {
			isa = PBXGroup;
			children = (
				FA6603B91768EA440095DEDF /* MobileCoreServices.framework */,
				FA6603B71768CA630095DEDF /* CoreImage.framework */,
				FA6603AF17689F4A0095DEDF /* QuartzCore.framework */,
				FA6603AA17689B990095DEDF /* AssetsLibrary.framework */,
				FA6603A817689B8E0095DEDF /* OpenGLES.framework */,
				FA9B7898176870290028A5DA /* CoreVideo.framework */,
				FA9B7896176870210028A5DA /* CoreMedia.framework */,
				FA9B78941768675A0028A5DA /* AVFoundation.framework */,
				FA9B786F176862920028A5DA /* UIKit.framework */,
				FA9B7871176862920028A5DA /* Foundation.framework */,
				FA9B7873176862920028A5DA /* CoreGraphics.framework */,
			);
			name = Frameworks;
			sourceTree = "<group>";
		};
		FA9B7875176862920028A5DA /* VideoCollage */ = {
			isa = PBXGroup;
			children = (
				FAE59314176A2674004BD694 /* MBProgressHUD */,
				FA9B787E176862920028A5DA /* AppDelegate.h */,
				FA9B787F176862920028A5DA /* AppDelegate.m */,
				FA9B7887176862920028A5DA /* VideoViewController.h */,
				FA9B7888176862920028A5DA /* VideoViewController.m */,
				FA9B788A176862920028A5DA /* VideoViewController.xib */,
				FA9B7876176862920028A5DA /* Supporting Files */,
				FA6603BB1768ED0A0095DEDF /* RecordViewController.h */,
				FA6603BC1768ED0A0095DEDF /* RecordViewController.m */,
				FA6603BE1768EF680095DEDF /* RecordViewController.xib */,
			);
			path = VideoCollage;
			sourceTree = "<group>";
		};
		FA9B7876176862920028A5DA /* Supporting Files */ = {
			isa = PBXGroup;
			children = (
				FAE593121769FBE8004BD694 /* TemplateMask.png */,
				FAE5930A1769AA4D004BD694 /* Video4.mp4 */,
				FAE5930B1769AA4D004BD694 /* Video3.mp4 */,
				FAE5930C1769AA4D004BD694 /* Video2.mp4 */,
				FAE5930D1769AA4D004BD694 /* Video1.mp4 */,
				FA9B7877176862920028A5DA /* VideoCollage-Info.plist */,
				FA9B7878176862920028A5DA /* InfoPlist.strings */,
				FA9B787B176862920028A5DA /* main.m */,
				FA9B787D176862920028A5DA /* VideoCollage-Prefix.pch */,
				FA9B7881176862920028A5DA /* Default.png */,
				FA9B7883176862920028A5DA /* Default@2x.png */,
				FA9B7885176862920028A5DA /* Default-568h@2x.png */,
			);
			name = "Supporting Files";
			sourceTree = "<group>";
		};
		FAE59314176A2674004BD694 /* MBProgressHUD */ = {
			isa = PBXGroup;
			children = (
				FAE59315176A2674004BD694 /* MBProgressHUD.h */,
				FAE59316176A2674004BD694 /* MBProgressHUD.m */,
			);
			path = MBProgressHUD;
			sourceTree = "<group>";
		};
/* End PBXGroup section */

/* Begin PBXNativeTarget section */
		FA9B786B176862920028A5DA /* VideoCollage */ = {
			isa = PBXNativeTarget;
			buildConfigurationList = FA9B788F176862920028A5DA /* Build configuration list for PBXNativeTarget "VideoCollage" */;
			buildPhases = (
				FA9B7868176862920028A5DA /* Sources */,
				FA9B7869176862920028A5DA /* Frameworks */,
				FA9B786A176862920028A5DA /* Resources */,
			);
			buildRules = (
			);
			dependencies = (
			);
			name = VideoCollage;
			productName = VideoCollage;
			productReference = FA9B786C176862920028A5DA /* VideoCollage.app */;
			productType = "com.apple.product-type.application";
		};
/* End PBXNativeTarget section */

/* Begin PBXProject section */
		FA9B7864176862920028A5DA /* Project object */ = {
			isa = PBXProject;
			attributes = {
				LastUpgradeCheck = 0460;
				ORGANIZATIONNAME = "Video Collage company";
			};
			buildConfigurationList = FA9B7867176862920028A5DA /* Build configuration list for PBXProject "VideoCollage" */;
			compatibilityVersion = "Xcode 3.2";
			developmentRegion = English;
			hasScannedForEncodings = 0;
			knownRegions = (
				en,
			);
			mainGroup = FA9B7863176862920028A5DA;
			productRefGroup = FA9B786D176862920028A5DA /* Products */;
			projectDirPath = "";
			projectRoot = "";
			targets = (
				FA9B786B176862920028A5DA /* VideoCollage */,
			);
		};
/* End PBXProject section */

/* Begin PBXResourcesBuildPhase section */
		FA9B786A176862920028A5DA /* Resources */ = {
			isa = PBXResourcesBuildPhase;
			buildActionMask = 2147483647;
			files = (
				FA9B787A176862920028A5DA /* InfoPlist.strings in Resources */,
				FA9B7882176862920028A5DA /* Default.png in Resources */,
				FA9B7884176862920028A5DA /* Default@2x.png in Resources */,
				FA9B7886176862920028A5DA /* Default-568h@2x.png in Resources */,
				FA9B788C176862920028A5DA /* VideoViewController.xib in Resources */,
				FA6603BF1768EF680095DEDF /* RecordViewController.xib in Resources */,
				FAE5930E1769AA4D004BD694 /* Video4.mp4 in Resources */,
				FAE5930F1769AA4D004BD694 /* Video3.mp4 in Resources */,
				FAE593101769AA4D004BD694 /* Video2.mp4 in Resources */,
				FAE593111769AA4D004BD694 /* Video1.mp4 in Resources */,
				FAE593131769FBE8004BD694 /* TemplateMask.png in Resources */,
			);
			runOnlyForDeploymentPostprocessing = 0;
		};
/* End PBXResourcesBuildPhase section */

/* Begin PBXSourcesBuildPhase section */
		FA9B7868176862920028A5DA /* Sources */ = {
			isa = PBXSourcesBuildPhase;
			buildActionMask = 2147483647;
			files = (
				FA9B787C176862920028A5DA /* main.m in Sources */,
				FA9B7880176862920028A5DA /* AppDelegate.m in Sources */,
				FA9B7889176862920028A5DA /* VideoViewController.m in Sources */,
				FA6603BD1768ED0A0095DEDF /* RecordViewController.m in Sources */,
				FAE59317176A2674004BD694 /* MBProgressHUD.m in Sources */,
			);
			runOnlyForDeploymentPostprocessing = 0;
		};
/* End PBXSourcesBuildPhase section */

/* Begin PBXVariantGroup section */
		FA9B7878176862920028A5DA /* InfoPlist.strings */ = {
			isa = PBXVariantGroup;
			children = (
				FA9B7879176862920028A5DA /* en */,
			);
			name = InfoPlist.strings;
			sourceTree = "<group>";
		};
		FA9B788A176862920028A5DA /* VideoViewController.xib */ = {
			isa = PBXVariantGroup;
			children = (
				FA9B788B176862920028A5DA /* en */,
			);
			name = VideoViewController.xib;
			sourceTree = "<group>";
		};
/* End PBXVariantGroup section */

/* Begin XCBuildConfiguration section */
		FA9B788D176862920028A5DA /* Debug */ = {
			isa = XCBuildConfiguration;
			buildSettings = {
				ALWAYS_SEARCH_USER_PATHS = NO;
				CLANG_CXX_LANGUAGE_STANDARD = "gnu++0x";
				CLANG_CXX_LIBRARY = "libc++";
				CLANG_WARN_CONSTANT_CONVERSION = YES;
				CLANG_WARN_EMPTY_BODY = YES;
				CLANG_WARN_ENUM_CONVERSION = YES;
				CLANG_WARN_INT_CONVERSION = YES;
				CLANG_WARN__DUPLICATE_METHOD_MATCH = YES;
				"CODE_SIGN_IDENTITY[sdk=iphoneos*]" = "iPhone Developer";
				COPY_PHASE_STRIP = NO;
				GCC_C_LANGUAGE_STANDARD = gnu99;
				GCC_DYNAMIC_NO_PIC = NO;
				GCC_OPTIMIZATION_LEVEL = 0;
				GCC_PREPROCESSOR_DEFINITIONS = (
					"DEBUG=1",
					"$(inherited)",
				);
				GCC_SYMBOLS_PRIVATE_EXTERN = NO;
				GCC_WARN_ABOUT_RETURN_TYPE = YES;
				GCC_WARN_UNINITIALIZED_AUTOS = YES;
				GCC_WARN_UNUSED_VARIABLE = YES;
				IPHONEOS_DEPLOYMENT_TARGET = 6.1;
				ONLY_ACTIVE_ARCH = YES;
				SDKROOT = iphoneos;
			};
			name = Debug;
		};
		FA9B788E176862920028A5DA /* Release */ = {
			isa = XCBuildConfiguration;
			buildSettings = {
				ALWAYS_SEARCH_USER_PATHS = NO;
				CLANG_CXX_LANGUAGE_STANDARD = "gnu++0x";
				CLANG_CXX_LIBRARY = "libc++";
				CLANG_WARN_CONSTANT_CONVERSION = YES;
				CLANG_WARN_EMPTY_BODY = YES;
				CLANG_WARN_ENUM_CONVERSION = YES;
				CLANG_WARN_INT_CONVERSION = YES;
				CLANG_WARN__DUPLICATE_METHOD_MATCH = YES;
				"CODE_SIGN_IDENTITY[sdk=iphoneos*]" = "iPhone Developer";
				COPY_PHASE_STRIP = YES;
				GCC_C_LANGUAGE_STANDARD = gnu99;
				GCC_WARN_ABOUT_RETURN_TYPE = YES;
				GCC_WARN_UNINITIALIZED_AUTOS = YES;
				GCC_WARN_UNUSED_VARIABLE = YES;
				IPHONEOS_DEPLOYMENT_TARGET = 6.1;
				OTHER_CFLAGS = "-DNS_BLOCK_ASSERTIONS=1";
				SDKROOT = iphoneos;
				VALIDATE_PRODUCT = YES;
			};
			name = Release;
		};
		FA9B7890176862920028A5DA /* Debug */ = {
			isa = XCBuildConfiguration;
			buildSettings = {
				GCC_PRECOMPILE_PREFIX_HEADER = YES;
				GCC_PREFIX_HEADER = "VideoCollage/VideoCollage-Prefix.pch";
				INFOPLIST_FILE = "VideoCollage/VideoCollage-Info.plist";
				IPHONEOS_DEPLOYMENT_TARGET = 5.1;
				PRODUCT_NAME = "$(TARGET_NAME)";
				WRAPPER_EXTENSION = app;
			};
			name = Debug;
		};
		FA9B7891176862920028A5DA /* Release */ = {
			isa = XCBuildConfiguration;
			buildSettings = {
				GCC_PRECOMPILE_PREFIX_HEADER = YES;
				GCC_PREFIX_HEADER = "VideoCollage/VideoCollage-Prefix.pch";
				INFOPLIST_FILE = "VideoCollage/VideoCollage-Info.plist";
				IPHONEOS_DEPLOYMENT_TARGET = 5.1;
				PRODUCT_NAME = "$(TARGET_NAME)";
				WRAPPER_EXTENSION = app;
			};
			name = Release;
		};
/* End XCBuildConfiguration section */

/* Begin XCConfigurationList section */
		FA9B7867176862920028A5DA /* Build configuration list for PBXProject "VideoCollage" */ = {
			isa = XCConfigurationList;
			buildConfigurations = (
				FA9B788D176862920028A5DA /* Debug */,
				FA9B788E176862920028A5DA /* Release */,
			);
			defaultConfigurationIsVisible = 0;
			defaultConfigurationName = Release;
		};
		FA9B788F176862920028A5DA /* Build configuration list for PBXNativeTarget "VideoCollage" */ = {
			isa = XCConfigurationList;
			buildConfigurations = (
				FA9B7890176862920028A5DA /* Debug */,
				FA9B7891176862920028A5DA /* Release */,
			);
			defaultConfigurationIsVisible = 0;
			defaultConfigurationName = Release;
		};
/* End XCConfigurationList section */
	};
	rootObject = FA9B7864176862920028A5DA /* Project object */;
}
